
Microsoft Visual Studio Solution File, Format Version 12.00
# Visual Studio 15
VisualStudioVersion = 15.0.28307.421
MinimumVisualStudioVersion = 10.0.40219.1
Project("{FAE04EC0-301F-11D3-BF4B-00C04F79EFBC}") = "winter.Android", "winter\winter.Android\winter.Android.csproj", "{E31288D2-1690-44B6-A24A-0AC04926A3AF}"
EndProject
Project("{FAE04EC0-301F-11D3-BF4B-00C04F79EFBC}") = "winter.iOS", "winter\winter.iOS\winter.iOS.csproj", "{4C3827DD-58E4-40D7-825D-84C31F5E9BAB}"
EndProject
Project("{FAE04EC0-301F-11D3-BF4B-00C04F79EFBC}") = "winter", "winter\winter\winter.csproj", "{83BB384B-EF28-4F9A-B2A1-9CB0DFA0D417}"
EndProject
Global
	GlobalSection(SolutionConfigurationPlatforms) = preSolution
		Ad-Hoc|Any CPU = Ad-Hoc|Any CPU
		Ad-Hoc|iPhone = Ad-Hoc|iPhone
		Ad-Hoc|iPhoneSimulator = Ad-Hoc|iPhoneSimulator
		AppStore|Any CPU = AppStore|Any CPU
		AppStore|iPhone = AppStore|iPhone
		AppStore|iPhoneSimulator = AppStore|iPhoneSimulator
		Debug|Any CPU = Debug|Any CPU
		Debug|iPhone = Debug|iPhone
		Debug|iPhoneSimulator = Debug|iPhoneSimulator
		Release|Any CPU = Release|Any CPU
		Release|iPhone = Release|iPhone
		Release|iPhoneSimulator = Release|iPhoneSimulator
	EndGlobalSection
	GlobalSection(ProjectConfigurationPlatforms) = postSolution
		{E31288D2-1690-44B6-A24A-0AC04926A3AF}.Ad-Hoc|Any CPU.ActiveCfg = Release|Any CPU
		{E31288D2-1690-44B6-A24A-0AC04926A3AF}.Ad-Hoc|Any CPU.Build.0 = Release|Any CPU
		{E31288D2-1690-44B6-A24A-0AC04926A3AF}.Ad-Hoc|Any CPU.Deploy.0 = Release|Any CPU
		{E31288D2-1690-44B6-A24A-0AC04926A3AF}.Ad-Hoc|iPhone.ActiveCfg = Release|Any CPU
		{E31288D2-1690-44B6-A24A-0AC04926A3AF}.Ad-Hoc|iPhone.Build.0 = Release|Any CPU
		{E31288D2-1690-44B6-A24A-0AC04926A3AF}.Ad-Hoc|iPhone.Deploy.0 = Release|Any CPU
		{E31288D2-1690-44B6-A24A-0AC04926A3AF}.Ad-Hoc|iPhoneSimulator.ActiveCfg = Release|Any CPU
		{E31288D2-1690-44B6-A24A-0AC04926A3AF}.Ad-Hoc|iPhoneSimulator.Build.0 = Release|Any CPU
		{E31288D2-1690-44B6-A24A-0AC04926A3AF}.Ad-Hoc|iPhoneSimulator.Deploy.0 = Release|Any CPU
		{E31288D2-1690-44B6-A24A-0AC04926A3AF}.AppStore|Any CPU.ActiveCfg = Release|Any CPU
		{E31288D2-1690-44B6-A24A-0AC04926A3AF}.AppStore|Any CPU.Build.0 = Release|Any CPU
		{E31288D2-1690-44B6-A24A-0AC04926A3AF}.AppStore|Any CPU.Deploy.0 = Release|Any CPU
		{E31288D2-1690-44B6-A24A-0AC04926A3AF}.AppStore|iPhone.ActiveCfg = Release|Any CPU
		{E31288D2-1690-44B6-A24A-0AC04926A3AF}.AppStore|iPhone.Build.0 = Release|Any CPU
		{E31288D2-1690-44B6-A24A-0AC04926A3AF}.AppStore|iPhone.Deploy.0 = Release|Any CPU
		{E31288D2-1690-44B6-A24A-0AC04926A3AF}.AppStore|iPhoneSimulator.ActiveCfg = Release|Any CPU
		{E31288D2-1690-44B6-A24A-0AC04926A3AF}.AppStore|iPhoneSimulator.Build.0 = Release|Any CPU
		{E31288D2-1690-44B6-A24A-0AC04926A3AF}.AppStore|iPhoneSimulator.Deploy.0 = Release|Any CPU
		{E31288D2-1690-44B6-A24A-0AC04926A3AF}.Debug|Any CPU.ActiveCfg = Debug|Any CPU
		{E31288D2-1690-44B6-A24A-0AC04926A3AF}.Debug|Any CPU.Build.0 = Debug|Any CPU
		{E31288D2-1690-44B6-A24A-0AC04926A3AF}.Debug|Any CPU.Deploy.0 = Debug|Any CPU
		{E31288D2-1690-44B6-A24A-0AC04926A3AF}.Debug|iPhone.ActiveCfg = Debug|Any CPU
		{E31288D2-1690-44B6-A24A-0AC04926A3AF}.Debug|iPhone.Build.0 = Debug|Any CPU
		{E31288D2-1690-44B6-A24A-0AC04926A3AF}.Debug|iPhone.Deploy.0 = Debug|Any CPU
		{E31288D2-1690-44B6-A24A-0AC04926A3AF}.Debug|iPhoneSimulator.ActiveCfg = Debug|Any CPU
		{E31288D2-1690-44B6-A24A-0AC04926A3AF}.Debug|iPhoneSimulator.Build.0 = Debug|Any CPU
		{E31288D2-1690-44B6-A24A-0AC04926A3AF}.Debug|iPhoneSimulator.Deploy.0 = Debug|Any CPU
		{E31288D2-1690-44B6-A24A-0AC04926A3AF}.Release|Any CPU.ActiveCfg = Release|Any CPU
		{E31288D2-1690-44B6-A24A-0AC04926A3AF}.Release|Any CPU.Build.0 = Release|Any CPU
		{E31288D2-1690-44B6-A24A-0AC04926A3AF}.Release|Any CPU.Deploy.0 = Release|Any CPU
		{E31288D2-1690-44B6-A24A-0AC04926A3AF}.Release|iPhone.ActiveCfg = Release|Any CPU
		{E31288D2-1690-44B6-A24A-0AC04926A3AF}.Release|iPhone.Build.0 = Release|Any CPU
		{E31288D2-1690-44B6-A24A-0AC04926A3AF}.Release|iPhone.Deploy.0 = Release|Any CPU
		{E31288D2-1690-44B6-A24A-0AC04926A3AF}.Release|iPhoneSimulator.ActiveCfg = Release|Any CPU
		{E31288D2-1690-44B6-A24A-0AC04926A3AF}.Release|iPhoneSimulator.Build.0 = Release|Any CPU
		{E31288D2-1690-44B6-A24A-0AC04926A3AF}.Release|iPhoneSimulator.Deploy.0 = Release|Any CPU
		{4C3827DD-58E4-40D7-825D-84C31F5E9BAB}.Ad-Hoc|Any CPU.ActiveCfg = Ad-Hoc|iPhone
		{4C3827DD-58E4-40D7-825D-84C31F5E9BAB}.Ad-Hoc|Any CPU.Build.0 = Ad-Hoc|iPhone
		{4C3827DD-58E4-40D7-825D-84C31F5E9BAB}.Ad-Hoc|Any CPU.Deploy.0 = Ad-Hoc|iPhone
		{4C3827DD-58E4-40D7-825D-84C31F5E9BAB}.Ad-Hoc|iPhone.ActiveCfg = Ad-Hoc|iPhone
		{4C3827DD-58E4-40D7-825D-84C31F5E9BAB}.Ad-Hoc|iPhone.Build.0 = Ad-Hoc|iPhone
		{4C3827DD-58E4-40D7-825D-84C31F5E9BAB}.Ad-Hoc|iPhone.Deploy.0 = Ad-Hoc|iPhone
		{4C3827DD-58E4-40D7-825D-84C31F5E9BAB}.Ad-Hoc|iPhoneSimulator.ActiveCfg = Ad-Hoc|iPhoneSimulator
		{4C3827DD-58E4-40D7-825D-84C31F5E9BAB}.Ad-Hoc|iPhoneSimulator.Build.0 = Ad-Hoc|iPhoneSimulator
		{4C3827DD-58E4-40D7-825D-84C31F5E9BAB}.Ad-Hoc|iPhoneSimulator.Deploy.0 = Ad-Hoc|iPhoneSimulator
		{4C3827DD-58E4-40D7-825D-84C31F5E9BAB}.AppStore|Any CPU.ActiveCfg = AppStore|iPhone
		{4C3827DD-58E4-40D7-825D-84C31F5E9BAB}.AppStore|Any CPU.Build.0 = AppStore|iPhone
		{4C3827DD-58E4-40D7-825D-84C31F5E9BAB}.AppStore|Any CPU.Deploy.0 = AppStore|iPhone
		{4C3827DD-58E4-40D7-825D-84C31F5E9BAB}.AppStore|iPhone.ActiveCfg = AppStore|iPhone
		{4C3827DD-58E4-40D7-825D-84C31F5E9BAB}.AppStore|iPhone.Build.0 = AppStore|iPhone
		{4C3827DD-58E4-40D7-825D-84C31F5E9BAB}.AppStore|iPhone.Deploy.0 = AppStore|iPhone
		{4C3827DD-58E4-40D7-825D-84C31F5E9BAB}.AppStore|iPhoneSimulator.ActiveCfg = AppStore|iPhoneSimulator
		{4C3827DD-58E4-40D7-825D-84C31F5E9BAB}.AppStore|iPhoneSimulator.Build.0 = AppStore|iPhoneSimulator
		{4C3827DD-58E4-40D7-825D-84C31F5E9BAB}.AppStore|iPhoneSimulator.Deploy.0 = AppStore|iPhoneSimulator
		{4C3827DD-58E4-40D7-825D-84C31F5E9BAB}.Debug|Any CPU.ActiveCfg = Debug|iPhoneSimulator
		{4C3827DD-58E4-40D7-825D-84C31F5E9BAB}.Debug|Any CPU.Build.0 = Debug|iPhoneSimulator
		{4C3827DD-58E4-40D7-825D-84C31F5E9BAB}.Debug|Any CPU.Deploy.0 = Debug|iPhoneSimulator
		{4C3827DD-58E4-40D7-825D-84C31F5E9BAB}.Debug|iPhone.ActiveCfg = Debug|iPhone
		{4C3827DD-58E4-40D7-825D-84C31F5E9BAB}.Debug|iPhone.Build.0 = Debug|iPhone
		{4C3827DD-58E4-40D7-825D-84C31F5E9BAB}.Debug|iPhone.Deploy.0 = Debug|iPhone
		{4C3827DD-58E4-40D7-825D-84C31F5E9BAB}.Debug|iPhoneSimulator.ActiveCfg = Debug|iPhoneSimulator
		{4C3827DD-58E4-40D7-825D-84C31F5E9BAB}.Debug|iPhoneSimulator.Build.0 = Debug|iPhoneSimulator
		{4C3827DD-58E4-40D7-825D-84C31F5E9BAB}.Debug|iPhoneSimulator.Deploy.0 = Debug|iPhoneSimulator
		{4C3827DD-58E4-40D7-825D-84C31F5E9BAB}.Release|Any CPU.ActiveCfg = Release|iPhone
		{4C3827DD-58E4-40D7-825D-84C31F5E9BAB}.Release|Any CPU.Build.0 = Release|iPhone
		{4C3827DD-58E4-40D7-825D-84C31F5E9BAB}.Release|Any CPU.Deploy.0 = Release|iPhone
		{4C3827DD-58E4-40D7-825D-84C31F5E9BAB}.Release|iPhone.ActiveCfg = Release|iPhone
		{4C3827DD-58E4-40D7-825D-84C31F5E9BAB}.Release|iPhone.Build.0 = Release|iPhone
		{4C3827DD-58E4-40D7-825D-84C31F5E9BAB}.Release|iPhone.Deploy.0 = Release|iPhone
		{4C3827DD-58E4-40D7-825D-84C31F5E9BAB}.Release|iPhoneSimulator.ActiveCfg = Release|iPhoneSimulator
		{4C3827DD-58E4-40D7-825D-84C31F5E9BAB}.Release|iPhoneSimulator.Build.0 = Release|iPhoneSimulator
		{4C3827DD-58E4-40D7-825D-84C31F5E9BAB}.Release|iPhoneSimulator.Deploy.0 = Release|iPhoneSimulator
		{83BB384B-EF28-4F9A-B2A1-9CB0DFA0D417}.Ad-Hoc|Any CPU.ActiveCfg = Debug|Any CPU
		{83BB384B-EF28-4F9A-B2A1-9CB0DFA0D417}.Ad-Hoc|Any CPU.Build.0 = Debug|Any CPU
		{83BB384B-EF28-4F9A-B2A1-9CB0DFA0D417}.Ad-Hoc|Any CPU.Deploy.0 = Debug|Any CPU
		{83BB384B-EF28-4F9A-B2A1-9CB0DFA0D417}.Ad-Hoc|iPhone.ActiveCfg = Debug|Any CPU
		{83BB384B-EF28-4F9A-B2A1-9CB0DFA0D417}.Ad-Hoc|iPhone.Build.0 = Debug|Any CPU
		{83BB384B-EF28-4F9A-B2A1-9CB0DFA0D417}.Ad-Hoc|iPhone.Deploy.0 = Debug|Any CPU
		{83BB384B-EF28-4F9A-B2A1-9CB0DFA0D417}.Ad-Hoc|iPhoneSimulator.ActiveCfg = Debug|Any CPU
		{83BB384B-EF28-4F9A-B2A1-9CB0DFA0D417}.Ad-Hoc|iPhoneSimulator.Build.0 = Debug|Any CPU
		{83BB384B-EF28-4F9A-B2A1-9CB0DFA0D417}.Ad-Hoc|iPhoneSimulator.Deploy.0 = Debug|Any CPU
		{83BB384B-EF28-4F9A-B2A1-9CB0DFA0D417}.AppStore|Any CPU.ActiveCfg = Debug|Any CPU
		{83BB384B-EF28-4F9A-B2A1-9CB0DFA0D417}.AppStore|Any CPU.Build.0 = Debug|Any CPU
		{83BB384B-EF28-4F9A-B2A1-9CB0DFA0D417}.AppStore|Any CPU.Deploy.0 = Debug|Any CPU
		{83BB384B-EF28-4F9A-B2A1-9CB0DFA0D417}.AppStore|iPhone.ActiveCfg = Debug|Any CPU
		{83BB384B-EF28-4F9A-B2A1-9CB0DFA0D417}.AppStore|iPhone.Build.0 = Debug|Any CPU
		{83BB384B-EF28-4F9A-B2A1-9CB0DFA0D417}.AppStore|iPhone.Deploy.0 = Debug|Any CPU
		{83BB384B-EF28-4F9A-B2A1-9CB0DFA0D417}.AppStore|iPhoneSimulator.ActiveCfg = Debug|Any CPU
		{83BB384B-EF28-4F9A-B2A1-9CB0DFA0D417}.AppStore|iPhoneSimulator.Build.0 = Debug|Any CPU
		{83BB384B-EF28-4F9A-B2A1-9CB0DFA0D417}.AppStore|iPhoneSimulator.Deploy.0 = Debug|Any CPU
		{83BB384B-EF28-4F9A-B2A1-9CB0DFA0D417}.Debug|Any CPU.ActiveCfg = Debug|Any CPU
		{83BB384B-EF28-4F9A-B2A1-9CB0DFA0D417}.Debug|Any CPU.Build.0 = Debug|Any CPU
		{83BB384B-EF28-4F9A-B2A1-9CB0DFA0D417}.Debug|Any CPU.Deploy.0 = Debug|Any CPU
		{83BB384B-EF28-4F9A-B2A1-9CB0DFA0D417}.Debug|iPhone.ActiveCfg = Debug|Any CPU
		{83BB384B-EF28-4F9A-B2A1-9CB0DFA0D417}.Debug|iPhone.Build.0 = Debug|Any CPU
		{83BB384B-EF28-4F9A-B2A1-9CB0DFA0D417}.Debug|iPhone.Deploy.0 = Debug|Any CPU
		{83BB384B-EF28-4F9A-B2A1-9CB0DFA0D417}.Debug|iPhoneSimulator.ActiveCfg = Debug|Any CPU
		{83BB384B-EF28-4F9A-B2A1-9CB0DFA0D417}.Debug|iPhoneSimulator.Build.0 = Debug|Any CPU
		{83BB384B-EF28-4F9A-B2A1-9CB0DFA0D417}.Debug|iPhoneSimulator.Deploy.0 = Debug|Any CPU
		{83BB384B-EF28-4F9A-B2A1-9CB0DFA0D417}.Release|Any CPU.ActiveCfg = Release|Any CPU
		{83BB384B-EF28-4F9A-B2A1-9CB0DFA0D417}.Release|Any CPU.Build.0 = Release|Any CPU
		{83BB384B-EF28-4F9A-B2A1-9CB0DFA0D417}.Release|Any CPU.Deploy.0 = Release|Any CPU
		{83BB384B-EF28-4F9A-B2A1-9CB0DFA0D417}.Release|iPhone.ActiveCfg = Release|Any CPU
		{83BB384B-EF28-4F9A-B2A1-9CB0DFA0D417}.Release|iPhone.Build.0 = Release|Any CPU
		{83BB384B-EF28-4F9A-B2A1-9CB0DFA0D417}.Release|iPhone.Deploy.0 = Release|Any CPU
		{83BB384B-EF28-4F9A-B2A1-9CB0DFA0D417}.Release|iPhoneSimulator.ActiveCfg = Release|Any CPU
		{83BB384B-EF28-4F9A-B2A1-9CB0DFA0D417}.Release|iPhoneSimulator.Build.0 = Release|Any CPU
		{83BB384B-EF28-4F9A-B2A1-9CB0DFA0D417}.Release|iPhoneSimulator.Deploy.0 = Release|Any CPU
	EndGlobalSection
	GlobalSection(SolutionProperties) = preSolution
		HideSolutionNode = FALSE
	EndGlobalSection
	GlobalSection(ExtensibilityGlobals) = postSolution
		SolutionGuid = {69DC113E-FB76-424D-8236-11112CCB5D36}
	EndGlobalSection
EndGlobal
